
Microsoft Visual Studio Solution File, Format Version 12.00
# Visual Studio Version 17
VisualStudioVersion = 17.5.002.0
MinimumVisualStudioVersion = 10.0.40219.1
Project("{9A19103F-16F7-4668-BE54-9A1E7A4F7556}") = "Register", "Register.csproj", "{B063FC4E-D81C-4EC2-9A1D-C588F906C587}"
EndProject
Global
	GlobalSection(SolutionConfigurationPlatforms) = preSolution
		Debug|Any CPU = Debug|Any CPU
		Release|Any CPU = Release|Any CPU
	EndGlobalSection
	GlobalSection(ProjectConfigurationPlatforms) = postSolution
		{B063FC4E-D81C-4EC2-9A1D-C588F906C587}.Debug|Any CPU.ActiveCfg = Debug|Any CPU
		{B063FC4E-D81C-4EC2-9A1D-C588F906C587}.Debug|Any CPU.Build.0 = Debug|Any CPU
		{B063FC4E-D81C-4EC2-9A1D-C588F906C587}.Release|Any CPU.ActiveCfg = Release|Any CPU
		{B063FC4E-D81C-4EC2-9A1D-C588F906C587}.Release|Any CPU.Build.0 = Release|Any CPU
	EndGlobalSection
	GlobalSection(SolutionProperties) = preSolution
		HideSolutionNode = FALSE
	EndGlobalSection
	GlobalSection(ExtensibilityGlobals) = postSolution
		SolutionGuid = {39996FB6-C0CF-46D3-BC91-109348CD142D}
	EndGlobalSection
EndGlobal
